
Microsoft Visual Studio Solution File, Format Version 12.00
Project("{FAE04EC0-301F-11D3-BF4B-00C04F79EFBC}") = "AbstractEnum.Net", "AbstractEnum.Net\AbstractEnum.Net.csproj", "{D4FE1613-E020-4141-AD8B-F15AC2B5E487}"
EndProject
Project("{FAE04EC0-301F-11D3-BF4B-00C04F79EFBC}") = "AbstractEnum.Tests", "AbstractEnum.Tests\AbstractEnum.Tests.csproj", "{67FCAF84-3D07-461F-9263-348114D98039}"
EndProject
Project("{2150E333-8FDC-42A3-9474-1A3956D46DE8}") = "SolutionFiles", "SolutionFiles", "{78AE6504-AE8D-470B-861D-B2F89659AD98}"
ProjectSection(SolutionItems) = preProject
	GitVersion.yml = GitVersion.yml
EndProjectSection
EndProject
Project("{2150E333-8FDC-42A3-9474-1A3956D46DE8}") = ".circleCI", ".circleCI", "{1EBE714F-84AA-444B-A64C-D73DA26BD9C8}"
ProjectSection(SolutionItems) = preProject
	.circleci\config.yml = .circleci\config.yml
EndProjectSection
EndProject
Global
	GlobalSection(SolutionConfigurationPlatforms) = preSolution
		Debug|Any CPU = Debug|Any CPU
		Release|Any CPU = Release|Any CPU
	EndGlobalSection
	GlobalSection(ProjectConfigurationPlatforms) = postSolution
		{D4FE1613-E020-4141-AD8B-F15AC2B5E487}.Debug|Any CPU.ActiveCfg = Debug|Any CPU
		{D4FE1613-E020-4141-AD8B-F15AC2B5E487}.Debug|Any CPU.Build.0 = Debug|Any CPU
		{D4FE1613-E020-4141-AD8B-F15AC2B5E487}.Release|Any CPU.ActiveCfg = Release|Any CPU
		{D4FE1613-E020-4141-AD8B-F15AC2B5E487}.Release|Any CPU.Build.0 = Release|Any CPU
		{67FCAF84-3D07-461F-9263-348114D98039}.Debug|Any CPU.ActiveCfg = Debug|Any CPU
		{67FCAF84-3D07-461F-9263-348114D98039}.Debug|Any CPU.Build.0 = Debug|Any CPU
		{67FCAF84-3D07-461F-9263-348114D98039}.Release|Any CPU.ActiveCfg = Release|Any CPU
		{67FCAF84-3D07-461F-9263-348114D98039}.Release|Any CPU.Build.0 = Release|Any CPU
	EndGlobalSection
	GlobalSection(NestedProjects) = preSolution
		{1EBE714F-84AA-444B-A64C-D73DA26BD9C8} = {78AE6504-AE8D-470B-861D-B2F89659AD98}
	EndGlobalSection
EndGlobal
